
Microsoft Visual Studio Solution File, Format Version 12.00
# Visual Studio Version 16
VisualStudioVersion = 16.0.31729.503
MinimumVisualStudioVersion = 10.0.40219.1
Project("{FAE04EC0-301F-11D3-BF4B-00C04F79EFBC}") = "NesneTabanliFinalOdev", "NesneTabanliFinalOdev\NesneTabanliFinalOdev.csproj", "{27AF8E57-886C-4392-B2DD-E277F6860808}"
EndProject
Global
	GlobalSection(SolutionConfigurationPlatforms) = preSolution
		Debug|Any CPU = Debug|Any CPU
		Release|Any CPU = Release|Any CPU
	EndGlobalSection
	GlobalSection(ProjectConfigurationPlatforms) = postSolution
		{27AF8E57-886C-4392-B2DD-E277F6860808}.Debug|Any CPU.ActiveCfg = Debug|Any CPU
		{27AF8E57-886C-4392-B2DD-E277F6860808}.Debug|Any CPU.Build.0 = Debug|Any CPU
		{27AF8E57-886C-4392-B2DD-E277F6860808}.Release|Any CPU.ActiveCfg = Release|Any CPU
		{27AF8E57-886C-4392-B2DD-E277F6860808}.Release|Any CPU.Build.0 = Release|Any CPU
	EndGlobalSection
	GlobalSection(SolutionProperties) = preSolution
		HideSolutionNode = FALSE
	EndGlobalSection
	GlobalSection(ExtensibilityGlobals) = postSolution
		SolutionGuid = {92482C68-23A3-45DB-9423-B2132971E823}
	EndGlobalSection
EndGlobal
